{
  "name": "smart-hatake",
  "version": "1.0.0",
  "lockfileVersion": 1,
  "requires": true,
  "dependencies": {
    "bower": {
      "version": "1.8.8",
      "resolved": "https://registry.npmjs.org/bower/-/bower-1.8.8.tgz",
      "integrity": "sha512-1SrJnXnkP9soITHptSO+ahx3QKp3cVzn8poI6ujqc5SeOkg5iqM1pK9H+DSc2OQ8SnO0jC/NG4Ur/UIwy7574A=="
    },
    "gridstack": {
      "version": "1.1.0",
      "resolved": "https://registry.npmjs.org/gridstack/-/gridstack-1.1.0.tgz",
      "integrity": "sha512-gv4kzKDlOpv4qP83WGyzNcHsTiZOIVLJhUAuaByO1e6f8OfDd08aCg0Z4xWqHVxJHyPbQRfX7hDaS80ym3UcNw=="
    }
  }
}
